
Microsoft Visual Studio Solution File, Format Version 12.00
Project("{FAE04EC0-301F-11D3-BF4B-00C04F79EFBC}") = "OnlineStore.CLI", "OnlineStore.CLI\OnlineStore.CLI.csproj", "{DC1CE247-23A9-4A28-9256-B634A28506D6}"
EndProject
Project("{FAE04EC0-301F-11D3-BF4B-00C04F79EFBC}") = "OnlineStore.Core", "OnlineStore.Core\OnlineStore.Core.csproj", "{885173CB-AE67-4708-B03A-A2E6706E2D4A}"
EndProject
Project("{FAE04EC0-301F-11D3-BF4B-00C04F79EFBC}") = "OnlineStore.GUI", "OnlineStore.GUI\OnlineStore.GUI.csproj", "{CC8F9398-5E5A-4977-9DE3-0F50B6AD878D}"
EndProject
Global
	GlobalSection(SolutionConfigurationPlatforms) = preSolution
		Debug|Any CPU = Debug|Any CPU
		Release|Any CPU = Release|Any CPU
	EndGlobalSection
	GlobalSection(ProjectConfigurationPlatforms) = postSolution
		{DC1CE247-23A9-4A28-9256-B634A28506D6}.Debug|Any CPU.ActiveCfg = Debug|Any CPU
		{DC1CE247-23A9-4A28-9256-B634A28506D6}.Debug|Any CPU.Build.0 = Debug|Any CPU
		{DC1CE247-23A9-4A28-9256-B634A28506D6}.Release|Any CPU.ActiveCfg = Release|Any CPU
		{DC1CE247-23A9-4A28-9256-B634A28506D6}.Release|Any CPU.Build.0 = Release|Any CPU
		{885173CB-AE67-4708-B03A-A2E6706E2D4A}.Debug|Any CPU.ActiveCfg = Debug|Any CPU
		{885173CB-AE67-4708-B03A-A2E6706E2D4A}.Debug|Any CPU.Build.0 = Debug|Any CPU
		{885173CB-AE67-4708-B03A-A2E6706E2D4A}.Release|Any CPU.ActiveCfg = Release|Any CPU
		{885173CB-AE67-4708-B03A-A2E6706E2D4A}.Release|Any CPU.Build.0 = Release|Any CPU
		{CC8F9398-5E5A-4977-9DE3-0F50B6AD878D}.Debug|Any CPU.ActiveCfg = Debug|Any CPU
		{CC8F9398-5E5A-4977-9DE3-0F50B6AD878D}.Debug|Any CPU.Build.0 = Debug|Any CPU
		{CC8F9398-5E5A-4977-9DE3-0F50B6AD878D}.Release|Any CPU.ActiveCfg = Release|Any CPU
		{CC8F9398-5E5A-4977-9DE3-0F50B6AD878D}.Release|Any CPU.Build.0 = Release|Any CPU
	EndGlobalSection
EndGlobal
